
Microsoft Visual Studio Solution File, Format Version 12.00
# Visual Studio 2012
Project("{4925A630-B079-445d-BCD4-3A9C94FE9307}") = "Wazaa", "Wazaa\Wazaa.fsproj", "{37776400-B4BF-4FDE-A5C7-FCC8F418D654}"
EndProject
Project("{2150E333-8FDC-42A3-9474-1A3956D46DE8}") = "Solution Files", "Solution Files", "{9AC821A0-A82C-4482-A8EE-9D2C2154B1EC}"
	ProjectSection(SolutionItems) = preProject
		.gitignore = .gitignore
		README.md = README.md
	EndProjectSection
EndProject
Global
	GlobalSection(SolutionConfigurationPlatforms) = preSolution
		Debug|x86 = Debug|x86
		Release|x86 = Release|x86
	EndGlobalSection
	GlobalSection(ProjectConfigurationPlatforms) = postSolution
		{37776400-B4BF-4FDE-A5C7-FCC8F418D654}.Debug|x86.ActiveCfg = Debug|x86
		{37776400-B4BF-4FDE-A5C7-FCC8F418D654}.Debug|x86.Build.0 = Debug|x86
		{37776400-B4BF-4FDE-A5C7-FCC8F418D654}.Release|x86.ActiveCfg = Release|x86
		{37776400-B4BF-4FDE-A5C7-FCC8F418D654}.Release|x86.Build.0 = Release|x86
	EndGlobalSection
	GlobalSection(NestedProjects) = preSolution
	EndGlobalSection
	GlobalSection(MonoDevelopProperties) = preSolution
		StartupItem = Wazaa\Wazaa.fsproj
	EndGlobalSection
	GlobalSection(SolutionProperties) = preSolution
		HideSolutionNode = FALSE
	EndGlobalSection
EndGlobal
